// !$*UTF8*$!
{
	archiveVersion = 1;
	classes = {
	};
	objectVersion = 56;
	objects = {

/* Begin PBXBuildFile section */
		C738749528D92AC800316C99 /* DataController.swift in Sources */ = {isa = PBXBuildFile; fileRef = C738749428D92AC800316C99 /* DataController.swift */; };
		C738749928D9377800316C99 /* EditUserView.swift in Sources */ = {isa = PBXBuildFile; fileRef = C738749828D9377800316C99 /* EditUserView.swift */; };
		C738749B28D937A400316C99 /* AddUserView.swift in Sources */ = {isa = PBXBuildFile; fileRef = C738749A28D937A400316C99 /* AddUserView.swift */; };
		C7683CB328DA6662004FC1D2 /* SucessView.swift in Sources */ = {isa = PBXBuildFile; fileRef = C7683CB228DA6662004FC1D2 /* SucessView.swift */; };
		C7B69C1D28D90A1600D83FE7 /* UserRegistrationApp.swift in Sources */ = {isa = PBXBuildFile; fileRef = C7B69C1C28D90A1600D83FE7 /* UserRegistrationApp.swift */; };
		C7B69C1F28D90A1600D83FE7 /* ContentView.swift in Sources */ = {isa = PBXBuildFile; fileRef = C7B69C1E28D90A1600D83FE7 /* ContentView.swift */; };
		C7B69C2128D90A1700D83FE7 /* Assets.xcassets in Resources */ = {isa = PBXBuildFile; fileRef = C7B69C2028D90A1700D83FE7 /* Assets.xcassets */; };
		C7B69C2428D90A1700D83FE7 /* Preview Assets.xcassets in Resources */ = {isa = PBXBuildFile; fileRef = C7B69C2328D90A1700D83FE7 /* Preview Assets.xcassets */; };
		C7B69C2C28D90A4500D83FE7 /* User.xcdatamodeld in Sources */ = {isa = PBXBuildFile; fileRef = C7B69C2A28D90A4500D83FE7 /* User.xcdatamodeld */; };
/* End PBXBuildFile section */

/* Begin PBXFileReference section */
		C738749428D92AC800316C99 /* DataController.swift */ = {isa = PBXFileReference; lastKnownFileType = sourcecode.swift; path = DataController.swift; sourceTree = "<group>"; };
		C738749828D9377800316C99 /* EditUserView.swift */ = {isa = PBXFileReference; lastKnownFileType = sourcecode.swift; path = EditUserView.swift; sourceTree = "<group>"; };
		C738749A28D937A400316C99 /* AddUserView.swift */ = {isa = PBXFileReference; lastKnownFileType = sourcecode.swift; path = AddUserView.swift; sourceTree = "<group>"; };
		C7683CB228DA6662004FC1D2 /* SucessView.swift */ = {isa = PBXFileReference; lastKnownFileType = sourcecode.swift; path = SucessView.swift; sourceTree = "<group>"; };
		C7B69C1928D90A1600D83FE7 /* UserRegistration.app */ = {isa = PBXFileReference; explicitFileType = wrapper.application; includeInIndex = 0; path = UserRegistration.app; sourceTree = BUILT_PRODUCTS_DIR; };
		C7B69C1C28D90A1600D83FE7 /* UserRegistrationApp.swift */ = {isa = PBXFileReference; lastKnownFileType = sourcecode.swift; path = UserRegistrationApp.swift; sourceTree = "<group>"; };
		C7B69C1E28D90A1600D83FE7 /* ContentView.swift */ = {isa = PBXFileReference; lastKnownFileType = sourcecode.swift; path = ContentView.swift; sourceTree = "<group>"; };
		C7B69C2028D90A1700D83FE7 /* Assets.xcassets */ = {isa = PBXFileReference; lastKnownFileType = folder.assetcatalog; path = Assets.xcassets; sourceTree = "<group>"; };
		C7B69C2328D90A1700D83FE7 /* Preview Assets.xcassets */ = {isa = PBXFileReference; lastKnownFileType = folder.assetcatalog; path = "Preview Assets.xcassets"; sourceTree = "<group>"; };
		C7B69C2B28D90A4500D83FE7 /* User.xcdatamodel */ = {isa = PBXFileReference; lastKnownFileType = wrapper.xcdatamodel; path = User.xcdatamodel; sourceTree = "<group>"; };
/* End PBXFileReference section */

/* Begin PBXFrameworksBuildPhase section */
		C7B69C1628D90A1600D83FE7 /* Frameworks */ = {
			isa = PBXFrameworksBuildPhase;
			buildActionMask = 2147483647;
			files = (
			);
			runOnlyForDeploymentPostprocessing = 0;
		};
/* End PBXFrameworksBuildPhase section */

/* Begin PBXGroup section */
		C738749728D92B4200316C99 /* DataModel */ = {
			isa = PBXGroup;
			children = (
			);
			path = DataModel;
			sourceTree = "<group>";
		};
		C7B69C1028D90A1600D83FE7 = {
			isa = PBXGroup;
			children = (
				C7B69C1B28D90A1600D83FE7 /* UserRegistration */,
				C7B69C1A28D90A1600D83FE7 /* Products */,
			);
			sourceTree = "<group>";
		};
		C7B69C1A28D90A1600D83FE7 /* Products */ = {
			isa = PBXGroup;
			children = (
				C7B69C1928D90A1600D83FE7 /* UserRegistration.app */,
			);
			name = Products;
			sourceTree = "<group>";
		};
		C7B69C1B28D90A1600D83FE7 /* UserRegistration */ = {
			isa = PBXGroup;
			children = (
				C738749728D92B4200316C99 /* DataModel */,
				C7B69C1C28D90A1600D83FE7 /* UserRegistrationApp.swift */,
				C7B69C1E28D90A1600D83FE7 /* ContentView.swift */,
				C738749428D92AC800316C99 /* DataController.swift */,
				C7B69C2A28D90A4500D83FE7 /* User.xcdatamodeld */,
				C7B69C2028D90A1700D83FE7 /* Assets.xcassets */,
				C7B69C2228D90A1700D83FE7 /* Preview Content */,
			);
			path = UserRegistration;
			sourceTree = "<group>";
		};
		C7B69C2228D90A1700D83FE7 /* Preview Content */ = {
			isa = PBXGroup;
			children = (
				C7B69C2328D90A1700D83FE7 /* Preview Assets.xcassets */,
				C738749828D9377800316C99 /* EditUserView.swift */,
				C738749A28D937A400316C99 /* AddUserView.swift */,
				C7683CB228DA6662004FC1D2 /* SucessView.swift */,
			);
			path = "Preview Content";
			sourceTree = "<group>";
		};
/* End PBXGroup section */

/* Begin PBXNativeTarget section */
		C7B69C1828D90A1600D83FE7 /* UserRegistration */ = {
			isa = PBXNativeTarget;
			buildConfigurationList = C7B69C2728D90A1700D83FE7 /* Build configuration list for PBXNativeTarget "UserRegistration" */;
			buildPhases = (
				C7B69C1528D90A1600D83FE7 /* Sources */,
				C7B69C1628D90A1600D83FE7 /* Frameworks */,
				C7B69C1728D90A1600D83FE7 /* Resources */,
			);
			buildRules = (
			);
			dependencies = (
			);
			name = UserRegistration;
			productName = UserRegistration;
			productReference = C7B69C1928D90A1600D83FE7 /* UserRegistration.app */;
			productType = "com.apple.product-type.application";
		};
/* End PBXNativeTarget section */

/* Begin PBXProject section */
		C7B69C1128D90A1600D83FE7 /* Project object */ = {
			isa = PBXProject;
			attributes = {
				BuildIndependentTargetsInParallel = 1;
				LastSwiftUpdateCheck = 1400;
				LastUpgradeCheck = 1400;
				TargetAttributes = {
					C7B69C1828D90A1600D83FE7 = {
						CreatedOnToolsVersion = 14.0;
					};
				};
			};
			buildConfigurationList = C7B69C1428D90A1600D83FE7 /* Build configuration list for PBXProject "UserRegistration" */;
			compatibilityVersion = "Xcode 14.0";
			developmentRegion = en;
			hasScannedForEncodings = 0;
			knownRegions = (
				en,
				Base,
			);
			mainGroup = C7B69C1028D90A1600D83FE7;
			productRefGroup = C7B69C1A28D90A1600D83FE7 /* Products */;
			projectDirPath = "";
			projectRoot = "";
			targets = (
				C7B69C1828D90A1600D83FE7 /* UserRegistration */,
			);
		};
/* End PBXProject section */

/* Begin PBXResourcesBuildPhase section */
		C7B69C1728D90A1600D83FE7 /* Resources */ = {
			isa = PBXResourcesBuildPhase;
			buildActionMask = 2147483647;
			files = (
				C7B69C2428D90A1700D83FE7 /* Preview Assets.xcassets in Resources */,
				C7B69C2128D90A1700D83FE7 /* Assets.xcassets in Resources */,
			);
			runOnlyForDeploymentPostprocessing = 0;
		};
/* End PBXResourcesBuildPhase section */

/* Begin PBXSourcesBuildPhase section */
		C7B69C1528D90A1600D83FE7 /* Sources */ = {
			isa = PBXSourcesBuildPhase;
			buildActionMask = 2147483647;
			files = (
				C7B69C2C28D90A4500D83FE7 /* User.xcdatamodeld in Sources */,
				C738749928D9377800316C99 /* EditUserView.swift in Sources */,
				C7683CB328DA6662004FC1D2 /* SucessView.swift in Sources */,
				C738749528D92AC800316C99 /* DataController.swift in Sources */,
				C7B69C1F28D90A1600D83FE7 /* ContentView.swift in Sources */,
				C7B69C1D28D90A1600D83FE7 /* UserRegistrationApp.swift in Sources */,
				C738749B28D937A400316C99 /* AddUserView.swift in Sources */,
			);
			runOnlyForDeploymentPostprocessing = 0;
		};
/* End PBXSourcesBuildPhase section */

/* Begin XCBuildConfiguration section */
		C7B69C2528D90A1700D83FE7 /* Debug */ = {
			isa = XCBuildConfiguration;
			buildSettings = {
				ALWAYS_SEARCH_USER_PATHS = NO;
				CLANG_ANALYZER_NONNULL = YES;
				CLANG_ANALYZER_NUMBER_OBJECT_CONVERSION = YES_AGGRESSIVE;
				CLANG_CXX_LANGUAGE_STANDARD = "gnu++20";
				CLANG_ENABLE_MODULES = YES;
				CLANG_ENABLE_OBJC_ARC = YES;
				CLANG_ENABLE_OBJC_WEAK = YES;
				CLANG_WARN_BLOCK_CAPTURE_AUTORELEASING = YES;
				CLANG_WARN_BOOL_CONVERSION = YES;
				CLANG_WARN_COMMA = YES;
				CLANG_WARN_CONSTANT_CONVERSION = YES;
				CLANG_WARN_DEPRECATED_OBJC_IMPLEMENTATIONS = YES;
				CLANG_WARN_DIRECT_OBJC_ISA_USAGE = YES_ERROR;
				CLANG_WARN_DOCUMENTATION_COMMENTS = YES;
				CLANG_WARN_EMPTY_BODY = YES;
				CLANG_WARN_ENUM_CONVERSION = YES;
				CLANG_WARN_INFINITE_RECURSION = YES;
				CLANG_WARN_INT_CONVERSION = YES;
				CLANG_WARN_NON_LITERAL_NULL_CONVERSION = YES;
				CLANG_WARN_OBJC_IMPLICIT_RETAIN_SELF = YES;
				CLANG_WARN_OBJC_LITERAL_CONVERSION = YES;
				CLANG_WARN_OBJC_ROOT_CLASS = YES_ERROR;
				CLANG_WARN_QUOTED_INCLUDE_IN_FRAMEWORK_HEADER = YES;
				CLANG_WARN_RANGE_LOOP_ANALYSIS = YES;
				CLANG_WARN_STRICT_PROTOTYPES = YES;
				CLANG_WARN_SUSPICIOUS_MOVE = YES;
				CLANG_WARN_UNGUARDED_AVAILABILITY = YES_AGGRESSIVE;
				CLANG_WARN_UNREACHABLE_CODE = YES;
				CLANG_WARN__DUPLICATE_METHOD_MATCH = YES;
				COPY_PHASE_STRIP = NO;
				DEBUG_INFORMATION_FORMAT = dwarf;
				ENABLE_STRICT_OBJC_MSGSEND = YES;
				ENABLE_TESTABILITY = YES;
				GCC_C_LANGUAGE_STANDARD = gnu11;
				GCC_DYNAMIC_NO_PIC = NO;
				GCC_NO_COMMON_BLOCKS = YES;
				GCC_OPTIMIZATION_LEVEL = 0;
				GCC_PREPROCESSOR_DEFINITIONS = (
					"DEBUG=1",
					"$(inherited)",
				);
				GCC_WARN_64_TO_32_BIT_CONVERSION = YES;
				GCC_WARN_ABOUT_RETURN_TYPE = YES_ERROR;
				GCC_WARN_UNDECLARED_SELECTOR = YES;
				GCC_WARN_UNINITIALIZED_AUTOS = YES_AGGRESSIVE;
				GCC_WARN_UNUSED_FUNCTION = YES;
				GCC_WARN_UNUSED_VARIABLE = YES;
				IPHONEOS_DEPLOYMENT_TARGET = 16.0;
				MTL_ENABLE_DEBUG_INFO = INCLUDE_SOURCE;
				MTL_FAST_MATH = YES;
				ONLY_ACTIVE_ARCH = YES;
				SDKROOT = iphoneos;
				SWIFT_ACTIVE_COMPILATION_CONDITIONS = DEBUG;
				SWIFT_OPTIMIZATION_LEVEL = "-Onone";
			};
			name = Debug;
		};
		C7B69C2628D90A1700D83FE7 /* Release */ = {
			isa = XCBuildConfiguration;
			buildSettings = {
				ALWAYS_SEARCH_USER_PATHS = NO;
				CLANG_ANALYZER_NONNULL = YES;
				CLANG_ANALYZER_NUMBER_OBJECT_CONVERSION = YES_AGGRESSIVE;
				CLANG_CXX_LANGUAGE_STANDARD = "gnu++20";
				CLANG_ENABLE_MODULES = YES;
				CLANG_ENABLE_OBJC_ARC = YES;
				CLANG_ENABLE_OBJC_WEAK = YES;
				CLANG_WARN_BLOCK_CAPTURE_AUTORELEASING = YES;
				CLANG_WARN_BOOL_CONVERSION = YES;
				CLANG_WARN_COMMA = YES;
				CLANG_WARN_CONSTANT_CONVERSION = YES;
				CLANG_WARN_DEPRECATED_OBJC_IMPLEMENTATIONS = YES;
				CLANG_WARN_DIRECT_OBJC_ISA_USAGE = YES_ERROR;
				CLANG_WARN_DOCUMENTATION_COMMENTS = YES;
				CLANG_WARN_EMPTY_BODY = YES;
				CLANG_WARN_ENUM_CONVERSION = YES;
				CLANG_WARN_INFINITE_RECURSION = YES;
				CLANG_WARN_INT_CONVERSION = YES;
				CLANG_WARN_NON_LITERAL_NULL_CONVERSION = YES;
				CLANG_WARN_OBJC_IMPLICIT_RETAIN_SELF = YES;
				CLANG_WARN_OBJC_LITERAL_CONVERSION = YES;
				CLANG_WARN_OBJC_ROOT_CLASS = YES_ERROR;
				CLANG_WARN_QUOTED_INCLUDE_IN_FRAMEWORK_HEADER = YES;
				CLANG_WARN_RANGE_LOOP_ANALYSIS = YES;
				CLANG_WARN_STRICT_PROTOTYPES = YES;
				CLANG_WARN_SUSPICIOUS_MOVE = YES;
				CLANG_WARN_UNGUARDED_AVAILABILITY = YES_AGGRESSIVE;
				CLANG_WARN_UNREACHABLE_CODE = YES;
				CLANG_WARN__DUPLICATE_METHOD_MATCH = YES;
				COPY_PHASE_STRIP = NO;
				DEBUG_INFORMATION_FORMAT = "dwarf-with-dsym";
				ENABLE_NS_ASSERTIONS = NO;
				ENABLE_STRICT_OBJC_MSGSEND = YES;
				GCC_C_LANGUAGE_STANDARD = gnu11;
				GCC_NO_COMMON_BLOCKS = YES;
				GCC_WARN_64_TO_32_BIT_CONVERSION = YES;
				GCC_WARN_ABOUT_RETURN_TYPE = YES_ERROR;
				GCC_WARN_UNDECLARED_SELECTOR = YES;
				GCC_WARN_UNINITIALIZED_AUTOS = YES_AGGRESSIVE;
				GCC_WARN_UNUSED_FUNCTION = YES;
				GCC_WARN_UNUSED_VARIABLE = YES;
				IPHONEOS_DEPLOYMENT_TARGET = 16.0;
				MTL_ENABLE_DEBUG_INFO = NO;
				MTL_FAST_MATH = YES;
				SDKROOT = iphoneos;
				SWIFT_COMPILATION_MODE = wholemodule;
				SWIFT_OPTIMIZATION_LEVEL = "-O";
				VALIDATE_PRODUCT = YES;
			};
			name = Release;
		};
		C7B69C2828D90A1700D83FE7 /* Debug */ = {
			isa = XCBuildConfiguration;
			buildSettings = {
				ASSETCATALOG_COMPILER_APPICON_NAME = AppIcon;
				ASSETCATALOG_COMPILER_GLOBAL_ACCENT_COLOR_NAME = AccentColor;
				CODE_SIGN_STYLE = Automatic;
				CURRENT_PROJECT_VERSION = 1;
				DEVELOPMENT_ASSET_PATHS = "\"UserRegistration/Preview Content\"";
				DEVELOPMENT_TEAM = ZY8349664L;
				ENABLE_PREVIEWS = YES;
				GENERATE_INFOPLIST_FILE = YES;
				INFOPLIST_KEY_UIApplicationSceneManifest_Generation = YES;
				INFOPLIST_KEY_UIApplicationSupportsIndirectInputEvents = YES;
				INFOPLIST_KEY_UILaunchScreen_Generation = YES;
				INFOPLIST_KEY_UISupportedInterfaceOrientations_iPad = "UIInterfaceOrientationPortrait UIInterfaceOrientationPortraitUpsideDown UIInterfaceOrientationLandscapeLeft UIInterfaceOrientationLandscapeRight";
				INFOPLIST_KEY_UISupportedInterfaceOrientations_iPhone = "UIInterfaceOrientationPortrait UIInterfaceOrientationLandscapeLeft UIInterfaceOrientationLandscapeRight";
				LD_RUNPATH_SEARCH_PATHS = (
					"$(inherited)",
					"@executable_path/Frameworks",
				);
				MARKETING_VERSION = 1.0;
				PRODUCT_BUNDLE_IDENTIFIER = br.com.brq.UserRegistration;
				PRODUCT_NAME = "$(TARGET_NAME)";
				SWIFT_EMIT_LOC_STRINGS = YES;
				SWIFT_VERSION = 5.0;
				TARGETED_DEVICE_FAMILY = "1,2";
			};
			name = Debug;
		};
		C7B69C2928D90A1700D83FE7 /* Release */ = {
			isa = XCBuildConfiguration;
			buildSettings = {
				ASSETCATALOG_COMPILER_APPICON_NAME = AppIcon;
				ASSETCATALOG_COMPILER_GLOBAL_ACCENT_COLOR_NAME = AccentColor;
				CODE_SIGN_STYLE = Automatic;
				CURRENT_PROJECT_VERSION = 1;
				DEVELOPMENT_ASSET_PATHS = "\"UserRegistration/Preview Content\"";
				DEVELOPMENT_TEAM = ZY8349664L;
				ENABLE_PREVIEWS = YES;
				GENERATE_INFOPLIST_FILE = YES;
				INFOPLIST_KEY_UIApplicationSceneManifest_Generation = YES;
				INFOPLIST_KEY_UIApplicationSupportsIndirectInputEvents = YES;
				INFOPLIST_KEY_UILaunchScreen_Generation = YES;
				INFOPLIST_KEY_UISupportedInterfaceOrientations_iPad = "UIInterfaceOrientationPortrait UIInterfaceOrientationPortraitUpsideDown UIInterfaceOrientationLandscapeLeft UIInterfaceOrientationLandscapeRight";
				INFOPLIST_KEY_UISupportedInterfaceOrientations_iPhone = "UIInterfaceOrientationPortrait UIInterfaceOrientationLandscapeLeft UIInterfaceOrientationLandscapeRight";
				LD_RUNPATH_SEARCH_PATHS = (
					"$(inherited)",
					"@executable_path/Frameworks",
				);
				MARKETING_VERSION = 1.0;
				PRODUCT_BUNDLE_IDENTIFIER = br.com.brq.UserRegistration;
				PRODUCT_NAME = "$(TARGET_NAME)";
				SWIFT_EMIT_LOC_STRINGS = YES;
				SWIFT_VERSION = 5.0;
				TARGETED_DEVICE_FAMILY = "1,2";
			};
			name = Release;
		};
/* End XCBuildConfiguration section */

/* Begin XCConfigurationList section */
		C7B69C1428D90A1600D83FE7 /* Build configuration list for PBXProject "UserRegistration" */ = {
			isa = XCConfigurationList;
			buildConfigurations = (
				C7B69C2528D90A1700D83FE7 /* Debug */,
				C7B69C2628D90A1700D83FE7 /* Release */,
			);
			defaultConfigurationIsVisible = 0;
			defaultConfigurationName = Release;
		};
		C7B69C2728D90A1700D83FE7 /* Build configuration list for PBXNativeTarget "UserRegistration" */ = {
			isa = XCConfigurationList;
			buildConfigurations = (
				C7B69C2828D90A1700D83FE7 /* Debug */,
				C7B69C2928D90A1700D83FE7 /* Release */,
			);
			defaultConfigurationIsVisible = 0;
			defaultConfigurationName = Release;
		};
/* End XCConfigurationList section */

/* Begin XCVersionGroup section */
		C7B69C2A28D90A4500D83FE7 /* User.xcdatamodeld */ = {
			isa = XCVersionGroup;
			children = (
				C7B69C2B28D90A4500D83FE7 /* User.xcdatamodel */,
			);
			currentVersion = C7B69C2B28D90A4500D83FE7 /* User.xcdatamodel */;
			path = User.xcdatamodeld;
			sourceTree = "<group>";
			versionGroupType = wrapper.xcdatamodel;
		};
/* End XCVersionGroup section */
	};
	rootObject = C7B69C1128D90A1600D83FE7 /* Project object */;
}
